
Microsoft Visual Studio Solution File, Format Version 12.00
# Visual Studio 15
VisualStudioVersion = 15.0.26730.12
MinimumVisualStudioVersion = 10.0.40219.1
Project("{FAE04EC0-301F-11D3-BF4B-00C04F79EFBC}") = "AzureVisionDemo.ConsoleApp", "AzureVisionDemo.ConsoleApp\AzureVisionDemo.ConsoleApp.csproj", "{2CBB4F57-1211-4A89-9F15-2271AD4A1248}"
EndProject
Project("{FAE04EC0-301F-11D3-BF4B-00C04F79EFBC}") = "AzureVisionDemo", "AzureVisionDemo\AzureVisionDemo.csproj", "{B13CA024-EB89-4037-8934-E134926B1B38}"
EndProject
Project("{FAE04EC0-301F-11D3-BF4B-00C04F79EFBC}") = "AzureVisionDemo.UWPApp", "AzureVisionDemo.UWPApp\AzureVisionDemo.UWPApp.csproj", "{955AFFF8-8E38-4131-B0DB-C0342B80E571}"
EndProject
Global
	GlobalSection(SolutionConfigurationPlatforms) = preSolution
		Debug|Any CPU = Debug|Any CPU
		Debug|ARM = Debug|ARM
		Debug|x64 = Debug|x64
		Debug|x86 = Debug|x86
		Release|Any CPU = Release|Any CPU
		Release|ARM = Release|ARM
		Release|x64 = Release|x64
		Release|x86 = Release|x86
	EndGlobalSection
	GlobalSection(ProjectConfigurationPlatforms) = postSolution
		{2CBB4F57-1211-4A89-9F15-2271AD4A1248}.Debug|Any CPU.ActiveCfg = Debug|Any CPU
		{2CBB4F57-1211-4A89-9F15-2271AD4A1248}.Debug|Any CPU.Build.0 = Debug|Any CPU
		{2CBB4F57-1211-4A89-9F15-2271AD4A1248}.Debug|ARM.ActiveCfg = Debug|Any CPU
		{2CBB4F57-1211-4A89-9F15-2271AD4A1248}.Debug|ARM.Build.0 = Debug|Any CPU
		{2CBB4F57-1211-4A89-9F15-2271AD4A1248}.Debug|x64.ActiveCfg = Debug|Any CPU
		{2CBB4F57-1211-4A89-9F15-2271AD4A1248}.Debug|x64.Build.0 = Debug|Any CPU
		{2CBB4F57-1211-4A89-9F15-2271AD4A1248}.Debug|x86.ActiveCfg = Debug|Any CPU
		{2CBB4F57-1211-4A89-9F15-2271AD4A1248}.Debug|x86.Build.0 = Debug|Any CPU
		{2CBB4F57-1211-4A89-9F15-2271AD4A1248}.Release|Any CPU.ActiveCfg = Release|Any CPU
		{2CBB4F57-1211-4A89-9F15-2271AD4A1248}.Release|Any CPU.Build.0 = Release|Any CPU
		{2CBB4F57-1211-4A89-9F15-2271AD4A1248}.Release|ARM.ActiveCfg = Release|Any CPU
		{2CBB4F57-1211-4A89-9F15-2271AD4A1248}.Release|ARM.Build.0 = Release|Any CPU
		{2CBB4F57-1211-4A89-9F15-2271AD4A1248}.Release|x64.ActiveCfg = Release|Any CPU
		{2CBB4F57-1211-4A89-9F15-2271AD4A1248}.Release|x64.Build.0 = Release|Any CPU
		{2CBB4F57-1211-4A89-9F15-2271AD4A1248}.Release|x86.ActiveCfg = Release|Any CPU
		{2CBB4F57-1211-4A89-9F15-2271AD4A1248}.Release|x86.Build.0 = Release|Any CPU
		{B13CA024-EB89-4037-8934-E134926B1B38}.Debug|Any CPU.ActiveCfg = Debug|Any CPU
		{B13CA024-EB89-4037-8934-E134926B1B38}.Debug|Any CPU.Build.0 = Debug|Any CPU
		{B13CA024-EB89-4037-8934-E134926B1B38}.Debug|ARM.ActiveCfg = Debug|Any CPU
		{B13CA024-EB89-4037-8934-E134926B1B38}.Debug|ARM.Build.0 = Debug|Any CPU
		{B13CA024-EB89-4037-8934-E134926B1B38}.Debug|x64.ActiveCfg = Debug|Any CPU
		{B13CA024-EB89-4037-8934-E134926B1B38}.Debug|x64.Build.0 = Debug|Any CPU
		{B13CA024-EB89-4037-8934-E134926B1B38}.Debug|x86.ActiveCfg = Debug|Any CPU
		{B13CA024-EB89-4037-8934-E134926B1B38}.Debug|x86.Build.0 = Debug|Any CPU
		{B13CA024-EB89-4037-8934-E134926B1B38}.Release|Any CPU.ActiveCfg = Release|Any CPU
		{B13CA024-EB89-4037-8934-E134926B1B38}.Release|Any CPU.Build.0 = Release|Any CPU
		{B13CA024-EB89-4037-8934-E134926B1B38}.Release|ARM.ActiveCfg = Release|Any CPU
		{B13CA024-EB89-4037-8934-E134926B1B38}.Release|ARM.Build.0 = Release|Any CPU
		{B13CA024-EB89-4037-8934-E134926B1B38}.Release|x64.ActiveCfg = Release|Any CPU
		{B13CA024-EB89-4037-8934-E134926B1B38}.Release|x64.Build.0 = Release|Any CPU
		{B13CA024-EB89-4037-8934-E134926B1B38}.Release|x86.ActiveCfg = Release|Any CPU
		{B13CA024-EB89-4037-8934-E134926B1B38}.Release|x86.Build.0 = Release|Any CPU
		{955AFFF8-8E38-4131-B0DB-C0342B80E571}.Debug|Any CPU.ActiveCfg = Debug|x86
		{955AFFF8-8E38-4131-B0DB-C0342B80E571}.Debug|ARM.ActiveCfg = Debug|ARM
		{955AFFF8-8E38-4131-B0DB-C0342B80E571}.Debug|ARM.Build.0 = Debug|ARM
		{955AFFF8-8E38-4131-B0DB-C0342B80E571}.Debug|ARM.Deploy.0 = Debug|ARM
		{955AFFF8-8E38-4131-B0DB-C0342B80E571}.Debug|x64.ActiveCfg = Debug|x64
		{955AFFF8-8E38-4131-B0DB-C0342B80E571}.Debug|x64.Build.0 = Debug|x64
		{955AFFF8-8E38-4131-B0DB-C0342B80E571}.Debug|x64.Deploy.0 = Debug|x64
		{955AFFF8-8E38-4131-B0DB-C0342B80E571}.Debug|x86.ActiveCfg = Debug|x86
		{955AFFF8-8E38-4131-B0DB-C0342B80E571}.Debug|x86.Build.0 = Debug|x86
		{955AFFF8-8E38-4131-B0DB-C0342B80E571}.Debug|x86.Deploy.0 = Debug|x86
		{955AFFF8-8E38-4131-B0DB-C0342B80E571}.Release|Any CPU.ActiveCfg = Release|x86
		{955AFFF8-8E38-4131-B0DB-C0342B80E571}.Release|ARM.ActiveCfg = Release|ARM
		{955AFFF8-8E38-4131-B0DB-C0342B80E571}.Release|ARM.Build.0 = Release|ARM
		{955AFFF8-8E38-4131-B0DB-C0342B80E571}.Release|ARM.Deploy.0 = Release|ARM
		{955AFFF8-8E38-4131-B0DB-C0342B80E571}.Release|x64.ActiveCfg = Release|x64
		{955AFFF8-8E38-4131-B0DB-C0342B80E571}.Release|x64.Build.0 = Release|x64
		{955AFFF8-8E38-4131-B0DB-C0342B80E571}.Release|x64.Deploy.0 = Release|x64
		{955AFFF8-8E38-4131-B0DB-C0342B80E571}.Release|x86.ActiveCfg = Release|x86
		{955AFFF8-8E38-4131-B0DB-C0342B80E571}.Release|x86.Build.0 = Release|x86
		{955AFFF8-8E38-4131-B0DB-C0342B80E571}.Release|x86.Deploy.0 = Release|x86
	EndGlobalSection
	GlobalSection(SolutionProperties) = preSolution
		HideSolutionNode = FALSE
	EndGlobalSection
	GlobalSection(ExtensibilityGlobals) = postSolution
		SolutionGuid = {C3765AF3-2FF3-41F3-B26C-36988BF545F4}
	EndGlobalSection
EndGlobal
