
Microsoft Visual Studio Solution File, Format Version 12.00
# Visual Studio 15
VisualStudioVersion = 15.0.26730.12
MinimumVisualStudioVersion = 10.0.40219.1
Project("{FAE04EC0-301F-11D3-BF4B-00C04F79EFBC}") = "AzureVisionDemo.ConsoleApp", "AzureVisionDemo.ConsoleApp\AzureVisionDemo.ConsoleApp.csproj", "{2CBB4F57-1211-4A89-9F15-2271AD4A1248}"
EndProject
Global
	GlobalSection(SolutionConfigurationPlatforms) = preSolution
		Debug|Any CPU = Debug|Any CPU
		Release|Any CPU = Release|Any CPU
	EndGlobalSection
	GlobalSection(ProjectConfigurationPlatforms) = postSolution
		{2CBB4F57-1211-4A89-9F15-2271AD4A1248}.Debug|Any CPU.ActiveCfg = Debug|Any CPU
		{2CBB4F57-1211-4A89-9F15-2271AD4A1248}.Debug|Any CPU.Build.0 = Debug|Any CPU
		{2CBB4F57-1211-4A89-9F15-2271AD4A1248}.Release|Any CPU.ActiveCfg = Release|Any CPU
		{2CBB4F57-1211-4A89-9F15-2271AD4A1248}.Release|Any CPU.Build.0 = Release|Any CPU
	EndGlobalSection
	GlobalSection(SolutionProperties) = preSolution
		HideSolutionNode = FALSE
	EndGlobalSection
	GlobalSection(ExtensibilityGlobals) = postSolution
		SolutionGuid = {C3765AF3-2FF3-41F3-B26C-36988BF545F4}
	EndGlobalSection
EndGlobal
